// !$*UTF8*$!
{
	archiveVersion = 1;
	classes = {
	};
	objectVersion = 46;
	objects = {

/* Begin PBXBuildFile section */
		D1B80D8B1CF6977C00AC537E /* PetData.swift in Sources */ = {isa = PBXBuildFile; fileRef = D1B80D8A1CF6977C00AC537E /* PetData.swift */; };
		D1B80D8D1CF6C03800AC537E /* AdoptViewController.swift in Sources */ = {isa = PBXBuildFile; fileRef = D1B80D8C1CF6C03800AC537E /* AdoptViewController.swift */; };
		D1DEACB31CC93FA300FC6502 /* AppDelegate.swift in Sources */ = {isa = PBXBuildFile; fileRef = D1DEACB21CC93FA300FC6502 /* AppDelegate.swift */; };
		D1DEACB51CC93FA300FC6502 /* ViewController.swift in Sources */ = {isa = PBXBuildFile; fileRef = D1DEACB41CC93FA300FC6502 /* ViewController.swift */; };
		D1DEACBA1CC93FA300FC6502 /* Assets.xcassets in Resources */ = {isa = PBXBuildFile; fileRef = D1DEACB91CC93FA300FC6502 /* Assets.xcassets */; };
		D1DEACBD1CC93FA300FC6502 /* LaunchScreen.storyboard in Resources */ = {isa = PBXBuildFile; fileRef = D1DEACBB1CC93FA300FC6502 /* LaunchScreen.storyboard */; };
		D1E927A21CC9DCD0002D87F6 /* ListViewController.swift in Sources */ = {isa = PBXBuildFile; fileRef = D1E927A11CC9DCD0002D87F6 /* ListViewController.swift */; };
		D1E927A41CCA4702002D87F6 /* InfomationViewController.swift in Sources */ = {isa = PBXBuildFile; fileRef = D1E927A31CCA4702002D87F6 /* InfomationViewController.swift */; };
		D1E927A61CCA4743002D87F6 /* MyTableViewCell.swift in Sources */ = {isa = PBXBuildFile; fileRef = D1E927A51CCA4743002D87F6 /* MyTableViewCell.swift */; };
		D1E927AC1CCB017C002D87F6 /* ConnectUSViewController.swift in Sources */ = {isa = PBXBuildFile; fileRef = D1E927AB1CCB017C002D87F6 /* ConnectUSViewController.swift */; };
		D1E927AE1CCB255D002D87F6 /* MapKit.framework in Frameworks */ = {isa = PBXBuildFile; fileRef = D1E927AD1CCB255D002D87F6 /* MapKit.framework */; };
		D1E927B01CCB258F002D87F6 /* CoreLocation.framework in Frameworks */ = {isa = PBXBuildFile; fileRef = D1E927AF1CCB258F002D87F6 /* CoreLocation.framework */; };
		D1E927B21CCB288F002D87F6 /* MapViewController.swift in Sources */ = {isa = PBXBuildFile; fileRef = D1E927B11CCB288F002D87F6 /* MapViewController.swift */; };
		D1E9281B1CD06303002D87F6 /* enter.wav in Resources */ = {isa = PBXBuildFile; fileRef = D1E9281A1CD06302002D87F6 /* enter.wav */; };
		D1E9281D1CD07077002D87F6 /* button.mp3 in Resources */ = {isa = PBXBuildFile; fileRef = D1E9281C1CD07077002D87F6 /* button.mp3 */; };
/* End PBXBuildFile section */

/* Begin PBXFileReference section */
		D1B80D8A1CF6977C00AC537E /* PetData.swift */ = {isa = PBXFileReference; fileEncoding = 4; lastKnownFileType = sourcecode.swift; path = PetData.swift; sourceTree = "<group>"; };
		D1B80D8C1CF6C03800AC537E /* AdoptViewController.swift */ = {isa = PBXFileReference; fileEncoding = 4; lastKnownFileType = sourcecode.swift; path = AdoptViewController.swift; sourceTree = "<group>"; };
		D1DEACAF1CC93FA300FC6502 /* PetApp.app */ = {isa = PBXFileReference; explicitFileType = wrapper.application; includeInIndex = 0; path = PetApp.app; sourceTree = BUILT_PRODUCTS_DIR; };
		D1DEACB21CC93FA300FC6502 /* AppDelegate.swift */ = {isa = PBXFileReference; lastKnownFileType = sourcecode.swift; path = AppDelegate.swift; sourceTree = "<group>"; };
		D1DEACB41CC93FA300FC6502 /* ViewController.swift */ = {isa = PBXFileReference; lastKnownFileType = sourcecode.swift; path = ViewController.swift; sourceTree = "<group>"; };
		D1DEACB91CC93FA300FC6502 /* Assets.xcassets */ = {isa = PBXFileReference; lastKnownFileType = folder.assetcatalog; path = Assets.xcassets; sourceTree = "<group>"; };
		D1DEACBC1CC93FA300FC6502 /* Base */ = {isa = PBXFileReference; lastKnownFileType = file.storyboard; name = Base; path = Base.lproj/LaunchScreen.storyboard; sourceTree = "<group>"; };
		D1DEACBE1CC93FA300FC6502 /* Info.plist */ = {isa = PBXFileReference; lastKnownFileType = text.plist.xml; path = Info.plist; sourceTree = "<group>"; };
		D1E927A11CC9DCD0002D87F6 /* ListViewController.swift */ = {isa = PBXFileReference; fileEncoding = 4; lastKnownFileType = sourcecode.swift; path = ListViewController.swift; sourceTree = "<group>"; };
		D1E927A31CCA4702002D87F6 /* InfomationViewController.swift */ = {isa = PBXFileReference; fileEncoding = 4; lastKnownFileType = sourcecode.swift; path = InfomationViewController.swift; sourceTree = "<group>"; };
		D1E927A51CCA4743002D87F6 /* MyTableViewCell.swift */ = {isa = PBXFileReference; fileEncoding = 4; lastKnownFileType = sourcecode.swift; path = MyTableViewCell.swift; sourceTree = "<group>"; };
		D1E927AB1CCB017C002D87F6 /* ConnectUSViewController.swift */ = {isa = PBXFileReference; fileEncoding = 4; lastKnownFileType = sourcecode.swift; path = ConnectUSViewController.swift; sourceTree = "<group>"; };
		D1E927AD1CCB255D002D87F6 /* MapKit.framework */ = {isa = PBXFileReference; lastKnownFileType = wrapper.framework; name = MapKit.framework; path = System/Library/Frameworks/MapKit.framework; sourceTree = SDKROOT; };
		D1E927AF1CCB258F002D87F6 /* CoreLocation.framework */ = {isa = PBXFileReference; lastKnownFileType = wrapper.framework; name = CoreLocation.framework; path = System/Library/Frameworks/CoreLocation.framework; sourceTree = SDKROOT; };
		D1E927B11CCB288F002D87F6 /* MapViewController.swift */ = {isa = PBXFileReference; fileEncoding = 4; lastKnownFileType = sourcecode.swift; path = MapViewController.swift; sourceTree = "<group>"; };
		D1E9281A1CD06302002D87F6 /* enter.wav */ = {isa = PBXFileReference; lastKnownFileType = audio.wav; path = enter.wav; sourceTree = "<group>"; };
		D1E9281C1CD07077002D87F6 /* button.mp3 */ = {isa = PBXFileReference; lastKnownFileType = audio.mp3; path = button.mp3; sourceTree = "<group>"; };
/* End PBXFileReference section */

/* Begin PBXFrameworksBuildPhase section */
		D1DEACAC1CC93FA300FC6502 /* Frameworks */ = {
			isa = PBXFrameworksBuildPhase;
			buildActionMask = 2147483647;
			files = (
				D1E927B01CCB258F002D87F6 /* CoreLocation.framework in Frameworks */,
				D1E927AE1CCB255D002D87F6 /* MapKit.framework in Frameworks */,
			);
			runOnlyForDeploymentPostprocessing = 0;
		};
/* End PBXFrameworksBuildPhase section */

/* Begin PBXGroup section */
		D1B80D8E1CF6C04E00AC537E /* Connection */ = {
			isa = PBXGroup;
			children = (
				D1E927AB1CCB017C002D87F6 /* ConnectUSViewController.swift */,
				D1B80D8C1CF6C03800AC537E /* AdoptViewController.swift */,
			);
			name = Connection;
			sourceTree = "<group>";
		};
		D1DEACA61CC93FA200FC6502 = {
			isa = PBXGroup;
			children = (
				D1E927AF1CCB258F002D87F6 /* CoreLocation.framework */,
				D1E927AD1CCB255D002D87F6 /* MapKit.framework */,
				D1DEACB11CC93FA300FC6502 /* PetApp */,
				D1DEACB01CC93FA300FC6502 /* Products */,
			);
			sourceTree = "<group>";
		};
		D1DEACB01CC93FA300FC6502 /* Products */ = {
			isa = PBXGroup;
			children = (
				D1DEACAF1CC93FA300FC6502 /* PetApp.app */,
			);
			name = Products;
			sourceTree = "<group>";
		};
		D1DEACB11CC93FA300FC6502 /* PetApp */ = {
			isa = PBXGroup;
			children = (
				D1DEACB21CC93FA300FC6502 /* AppDelegate.swift */,
				D1DEACB41CC93FA300FC6502 /* ViewController.swift */,
				D1E927A71CCA7D90002D87F6 /* List */,
				D1E927A81CCA7DB4002D87F6 /* Information */,
				D1E9281E1CD07090002D87F6 /* sound */,
				D1DEACB91CC93FA300FC6502 /* Assets.xcassets */,
				D1DEACBB1CC93FA300FC6502 /* LaunchScreen.storyboard */,
				D1DEACBE1CC93FA300FC6502 /* Info.plist */,
			);
			path = PetApp;
			sourceTree = "<group>";
		};
		D1E927A71CCA7D90002D87F6 /* List */ = {
			isa = PBXGroup;
			children = (
				D1E927A11CC9DCD0002D87F6 /* ListViewController.swift */,
				D1E927A51CCA4743002D87F6 /* MyTableViewCell.swift */,
				D1B80D8A1CF6977C00AC537E /* PetData.swift */,
				D1B80D8E1CF6C04E00AC537E /* Connection */,
				D1E927B11CCB288F002D87F6 /* MapViewController.swift */,
			);
			name = List;
			sourceTree = "<group>";
		};
		D1E927A81CCA7DB4002D87F6 /* Information */ = {
			isa = PBXGroup;
			children = (
				D1E927A31CCA4702002D87F6 /* InfomationViewController.swift */,
			);
			name = Information;
			sourceTree = "<group>";
		};
		D1E9281E1CD07090002D87F6 /* sound */ = {
			isa = PBXGroup;
			children = (
				D1E9281A1CD06302002D87F6 /* enter.wav */,
				D1E9281C1CD07077002D87F6 /* button.mp3 */,
			);
			name = sound;
			sourceTree = "<group>";
		};
/* End PBXGroup section */

/* Begin PBXNativeTarget section */
		D1DEACAE1CC93FA300FC6502 /* PetApp */ = {
			isa = PBXNativeTarget;
			buildConfigurationList = D1DEACC11CC93FA300FC6502 /* Build configuration list for PBXNativeTarget "PetApp" */;
			buildPhases = (
				D1DEACAB1CC93FA300FC6502 /* Sources */,
				D1DEACAC1CC93FA300FC6502 /* Frameworks */,
				D1DEACAD1CC93FA300FC6502 /* Resources */,
			);
			buildRules = (
			);
			dependencies = (
			);
			name = PetApp;
			productName = PetApp;
			productReference = D1DEACAF1CC93FA300FC6502 /* PetApp.app */;
			productType = "com.apple.product-type.application";
		};
/* End PBXNativeTarget section */

/* Begin PBXProject section */
		D1DEACA71CC93FA300FC6502 /* Project object */ = {
			isa = PBXProject;
			attributes = {
				LastSwiftUpdateCheck = 0730;
				LastUpgradeCheck = 0730;
				ORGANIZATIONNAME = TSENG;
				TargetAttributes = {
					D1DEACAE1CC93FA300FC6502 = {
						CreatedOnToolsVersion = 7.3;
					};
				};
			};
			buildConfigurationList = D1DEACAA1CC93FA300FC6502 /* Build configuration list for PBXProject "PetApp" */;
			compatibilityVersion = "Xcode 3.2";
			developmentRegion = English;
			hasScannedForEncodings = 0;
			knownRegions = (
				en,
				Base,
			);
			mainGroup = D1DEACA61CC93FA200FC6502;
			productRefGroup = D1DEACB01CC93FA300FC6502 /* Products */;
			projectDirPath = "";
			projectRoot = "";
			targets = (
				D1DEACAE1CC93FA300FC6502 /* PetApp */,
			);
		};
/* End PBXProject section */

/* Begin PBXResourcesBuildPhase section */
		D1DEACAD1CC93FA300FC6502 /* Resources */ = {
			isa = PBXResourcesBuildPhase;
			buildActionMask = 2147483647;
			files = (
				D1E9281D1CD07077002D87F6 /* button.mp3 in Resources */,
				D1DEACBD1CC93FA300FC6502 /* LaunchScreen.storyboard in Resources */,
				D1DEACBA1CC93FA300FC6502 /* Assets.xcassets in Resources */,
				D1E9281B1CD06303002D87F6 /* enter.wav in Resources */,
			);
			runOnlyForDeploymentPostprocessing = 0;
		};
/* End PBXResourcesBuildPhase section */

/* Begin PBXSourcesBuildPhase section */
		D1DEACAB1CC93FA300FC6502 /* Sources */ = {
			isa = PBXSourcesBuildPhase;
			buildActionMask = 2147483647;
			files = (
				D1E927A41CCA4702002D87F6 /* InfomationViewController.swift in Sources */,
				D1B80D8D1CF6C03800AC537E /* AdoptViewController.swift in Sources */,
				D1DEACB51CC93FA300FC6502 /* ViewController.swift in Sources */,
				D1DEACB31CC93FA300FC6502 /* AppDelegate.swift in Sources */,
				D1B80D8B1CF6977C00AC537E /* PetData.swift in Sources */,
				D1E927AC1CCB017C002D87F6 /* ConnectUSViewController.swift in Sources */,
				D1E927A61CCA4743002D87F6 /* MyTableViewCell.swift in Sources */,
				D1E927A21CC9DCD0002D87F6 /* ListViewController.swift in Sources */,
				D1E927B21CCB288F002D87F6 /* MapViewController.swift in Sources */,
			);
			runOnlyForDeploymentPostprocessing = 0;
		};
/* End PBXSourcesBuildPhase section */

/* Begin PBXVariantGroup section */
		D1DEACBB1CC93FA300FC6502 /* LaunchScreen.storyboard */ = {
			isa = PBXVariantGroup;
			children = (
				D1DEACBC1CC93FA300FC6502 /* Base */,
			);
			name = LaunchScreen.storyboard;
			sourceTree = "<group>";
		};
/* End PBXVariantGroup section */

/* Begin XCBuildConfiguration section */
		D1DEACBF1CC93FA300FC6502 /* Debug */ = {
			isa = XCBuildConfiguration;
			buildSettings = {
				ALWAYS_SEARCH_USER_PATHS = NO;
				CLANG_ANALYZER_NONNULL = YES;
				CLANG_CXX_LANGUAGE_STANDARD = "gnu++0x";
				CLANG_CXX_LIBRARY = "libc++";
				CLANG_ENABLE_MODULES = YES;
				CLANG_ENABLE_OBJC_ARC = YES;
				CLANG_WARN_BOOL_CONVERSION = YES;
				CLANG_WARN_CONSTANT_CONVERSION = YES;
				CLANG_WARN_DIRECT_OBJC_ISA_USAGE = YES_ERROR;
				CLANG_WARN_EMPTY_BODY = YES;
				CLANG_WARN_ENUM_CONVERSION = YES;
				CLANG_WARN_INT_CONVERSION = YES;
				CLANG_WARN_OBJC_ROOT_CLASS = YES_ERROR;
				CLANG_WARN_UNREACHABLE_CODE = YES;
				CLANG_WARN__DUPLICATE_METHOD_MATCH = YES;
				"CODE_SIGN_IDENTITY[sdk=iphoneos*]" = "iPhone Developer";
				COPY_PHASE_STRIP = NO;
				DEBUG_INFORMATION_FORMAT = dwarf;
				ENABLE_STRICT_OBJC_MSGSEND = YES;
				ENABLE_TESTABILITY = YES;
				GCC_C_LANGUAGE_STANDARD = gnu99;
				GCC_DYNAMIC_NO_PIC = NO;
				GCC_NO_COMMON_BLOCKS = YES;
				GCC_OPTIMIZATION_LEVEL = 0;
				GCC_PREPROCESSOR_DEFINITIONS = (
					"DEBUG=1",
					"$(inherited)",
				);
				GCC_WARN_64_TO_32_BIT_CONVERSION = YES;
				GCC_WARN_ABOUT_RETURN_TYPE = YES_ERROR;
				GCC_WARN_UNDECLARED_SELECTOR = YES;
				GCC_WARN_UNINITIALIZED_AUTOS = YES_AGGRESSIVE;
				GCC_WARN_UNUSED_FUNCTION = YES;
				GCC_WARN_UNUSED_VARIABLE = YES;
				IPHONEOS_DEPLOYMENT_TARGET = 9.3;
				MTL_ENABLE_DEBUG_INFO = YES;
				ONLY_ACTIVE_ARCH = YES;
				SDKROOT = iphoneos;
				SWIFT_OPTIMIZATION_LEVEL = "-Onone";
				TARGETED_DEVICE_FAMILY = "1,2";
			};
			name = Debug;
		};
		D1DEACC01CC93FA300FC6502 /* Release */ = {
			isa = XCBuildConfiguration;
			buildSettings = {
				ALWAYS_SEARCH_USER_PATHS = NO;
				CLANG_ANALYZER_NONNULL = YES;
				CLANG_CXX_LANGUAGE_STANDARD = "gnu++0x";
				CLANG_CXX_LIBRARY = "libc++";
				CLANG_ENABLE_MODULES = YES;
				CLANG_ENABLE_OBJC_ARC = YES;
				CLANG_WARN_BOOL_CONVERSION = YES;
				CLANG_WARN_CONSTANT_CONVERSION = YES;
				CLANG_WARN_DIRECT_OBJC_ISA_USAGE = YES_ERROR;
				CLANG_WARN_EMPTY_BODY = YES;
				CLANG_WARN_ENUM_CONVERSION = YES;
				CLANG_WARN_INT_CONVERSION = YES;
				CLANG_WARN_OBJC_ROOT_CLASS = YES_ERROR;
				CLANG_WARN_UNREACHABLE_CODE = YES;
				CLANG_WARN__DUPLICATE_METHOD_MATCH = YES;
				"CODE_SIGN_IDENTITY[sdk=iphoneos*]" = "iPhone Developer";
				COPY_PHASE_STRIP = NO;
				DEBUG_INFORMATION_FORMAT = "dwarf-with-dsym";
				ENABLE_NS_ASSERTIONS = NO;
				ENABLE_STRICT_OBJC_MSGSEND = YES;
				GCC_C_LANGUAGE_STANDARD = gnu99;
				GCC_NO_COMMON_BLOCKS = YES;
				GCC_WARN_64_TO_32_BIT_CONVERSION = YES;
				GCC_WARN_ABOUT_RETURN_TYPE = YES_ERROR;
				GCC_WARN_UNDECLARED_SELECTOR = YES;
				GCC_WARN_UNINITIALIZED_AUTOS = YES_AGGRESSIVE;
				GCC_WARN_UNUSED_FUNCTION = YES;
				GCC_WARN_UNUSED_VARIABLE = YES;
				IPHONEOS_DEPLOYMENT_TARGET = 9.3;
				MTL_ENABLE_DEBUG_INFO = NO;
				SDKROOT = iphoneos;
				TARGETED_DEVICE_FAMILY = "1,2";
				VALIDATE_PRODUCT = YES;
			};
			name = Release;
		};
		D1DEACC21CC93FA300FC6502 /* Debug */ = {
			isa = XCBuildConfiguration;
			buildSettings = {
				ASSETCATALOG_COMPILER_APPICON_NAME = AppIcon;
				INFOPLIST_FILE = PetApp/Info.plist;
				LD_RUNPATH_SEARCH_PATHS = "$(inherited) @executable_path/Frameworks";
				PRODUCT_BUNDLE_IDENTIFIER = "-.PetApp";
				PRODUCT_NAME = "$(TARGET_NAME)";
				TARGETED_DEVICE_FAMILY = 1;
			};
			name = Debug;
		};
		D1DEACC31CC93FA300FC6502 /* Release */ = {
			isa = XCBuildConfiguration;
			buildSettings = {
				ASSETCATALOG_COMPILER_APPICON_NAME = AppIcon;
				INFOPLIST_FILE = PetApp/Info.plist;
				LD_RUNPATH_SEARCH_PATHS = "$(inherited) @executable_path/Frameworks";
				PRODUCT_BUNDLE_IDENTIFIER = "-.PetApp";
				PRODUCT_NAME = "$(TARGET_NAME)";
				TARGETED_DEVICE_FAMILY = 1;
			};
			name = Release;
		};
/* End XCBuildConfiguration section */

/* Begin XCConfigurationList section */
		D1DEACAA1CC93FA300FC6502 /* Build configuration list for PBXProject "PetApp" */ = {
			isa = XCConfigurationList;
			buildConfigurations = (
				D1DEACBF1CC93FA300FC6502 /* Debug */,
				D1DEACC01CC93FA300FC6502 /* Release */,
			);
			defaultConfigurationIsVisible = 0;
			defaultConfigurationName = Release;
		};
		D1DEACC11CC93FA300FC6502 /* Build configuration list for PBXNativeTarget "PetApp" */ = {
			isa = XCConfigurationList;
			buildConfigurations = (
				D1DEACC21CC93FA300FC6502 /* Debug */,
				D1DEACC31CC93FA300FC6502 /* Release */,
			);
			defaultConfigurationIsVisible = 0;
			defaultConfigurationName = Release;
		};
/* End XCConfigurationList section */
	};
	rootObject = D1DEACA71CC93FA300FC6502 /* Project object */;
}
